
Microsoft Visual Studio Solution File, Format Version 12.00
# Visual Studio Version 17
VisualStudioVersion = 17.14.36221.1 d17.14
MinimumVisualStudioVersion = 10.0.40219.1
Project("{FAE04EC0-301F-11D3-BF4B-00C04F79EFBC}") = "ThermopileDatenanalyse", "ThermopileDatenanalyse\ThermopileDatenanalyse.csproj", "{DF44F4B8-6ADE-42DD-9C94-21B2A005DC17}"
EndProject
Global
	GlobalSection(SolutionConfigurationPlatforms) = preSolution
		Debug|Any CPU = Debug|Any CPU
		Release|Any CPU = Release|Any CPU
	EndGlobalSection
	GlobalSection(ProjectConfigurationPlatforms) = postSolution
		{DF44F4B8-6ADE-42DD-9C94-21B2A005DC17}.Debug|Any CPU.ActiveCfg = Debug|Any CPU
		{DF44F4B8-6ADE-42DD-9C94-21B2A005DC17}.Debug|Any CPU.Build.0 = Debug|Any CPU
		{DF44F4B8-6ADE-42DD-9C94-21B2A005DC17}.Release|Any CPU.ActiveCfg = Release|Any CPU
		{DF44F4B8-6ADE-42DD-9C94-21B2A005DC17}.Release|Any CPU.Build.0 = Release|Any CPU
	EndGlobalSection
	GlobalSection(SolutionProperties) = preSolution
		HideSolutionNode = FALSE
	EndGlobalSection
	GlobalSection(ExtensibilityGlobals) = postSolution
		SolutionGuid = {6D86C719-BAE7-4846-93B4-24D3A4077039}
	EndGlobalSection
EndGlobal
